
Microsoft Visual Studio Solution File, Format Version 12.00
# Visual Studio Version 17
VisualStudioVersion = 17.14.36705.20 d17.14
MinimumVisualStudioVersion = 10.0.40219.1
Project("{FAE04EC0-301F-11D3-BF4B-00C04F79EFBC}") = "FIt3d.DAL", "FIt3d.DAL\FIt3d.DAL.csproj", "{E067959C-F13C-4634-809C-541D1F926CBA}"
EndProject
Project("{FAE04EC0-301F-11D3-BF4B-00C04F79EFBC}") = "Fit3d.BLL", "Fit3d.BLL\Fit3d.BLL.csproj", "{B51A4DFD-C019-4494-B813-3F0F27A26E32}"
EndProject
Project("{FAE04EC0-301F-11D3-BF4B-00C04F79EFBC}") = "Fit3d.API", "Fit3d.API\Fit3d.API.csproj", "{BB27A9C6-EE05-4230-A16E-0E4519ACAEB5}"
EndProject
Global
	GlobalSection(SolutionConfigurationPlatforms) = preSolution
		Debug|Any CPU = Debug|Any CPU
		Release|Any CPU = Release|Any CPU
	EndGlobalSection
	GlobalSection(ProjectConfigurationPlatforms) = postSolution
		{E067959C-F13C-4634-809C-541D1F926CBA}.Debug|Any CPU.ActiveCfg = Debug|Any CPU
		{E067959C-F13C-4634-809C-541D1F926CBA}.Debug|Any CPU.Build.0 = Debug|Any CPU
		{E067959C-F13C-4634-809C-541D1F926CBA}.Release|Any CPU.ActiveCfg = Release|Any CPU
		{E067959C-F13C-4634-809C-541D1F926CBA}.Release|Any CPU.Build.0 = Release|Any CPU
		{B51A4DFD-C019-4494-B813-3F0F27A26E32}.Debug|Any CPU.ActiveCfg = Debug|Any CPU
		{B51A4DFD-C019-4494-B813-3F0F27A26E32}.Debug|Any CPU.Build.0 = Debug|Any CPU
		{B51A4DFD-C019-4494-B813-3F0F27A26E32}.Release|Any CPU.ActiveCfg = Release|Any CPU
		{B51A4DFD-C019-4494-B813-3F0F27A26E32}.Release|Any CPU.Build.0 = Release|Any CPU
		{BB27A9C6-EE05-4230-A16E-0E4519ACAEB5}.Debug|Any CPU.ActiveCfg = Debug|Any CPU
		{BB27A9C6-EE05-4230-A16E-0E4519ACAEB5}.Debug|Any CPU.Build.0 = Debug|Any CPU
		{BB27A9C6-EE05-4230-A16E-0E4519ACAEB5}.Release|Any CPU.ActiveCfg = Release|Any CPU
		{BB27A9C6-EE05-4230-A16E-0E4519ACAEB5}.Release|Any CPU.Build.0 = Release|Any CPU
	EndGlobalSection
	GlobalSection(SolutionProperties) = preSolution
		HideSolutionNode = FALSE
	EndGlobalSection
	GlobalSection(ExtensibilityGlobals) = postSolution
		SolutionGuid = {EB818603-CDDC-44F1-9041-3C2A04BEA57E}
	EndGlobalSection
EndGlobal
